
Microsoft Visual Studio Solution File, Format Version 12.00
# Visual Studio Version 17
VisualStudioVersion = 17.0.31903.59
MinimumVisualStudioVersion = 10.0.40219.1
Project("{2150E333-8FDC-42A3-9474-1A3956D46DE8}") = "src", "src", "{827E0CD3-B72D-47B6-A68D-7590B98EB39B}"
EndProject
Project("{FAE04EC0-301F-11D3-BF4B-00C04F79EFBC}") = "Guandan.Game.Domain", "src\Guandan.Game.Domain\Guandan.Game.Domain.csproj", "{CD9F00FA-4AEA-4DC0-A15E-B5318F0ABDBD}"
EndProject
Project("{FAE04EC0-301F-11D3-BF4B-00C04F79EFBC}") = "Guandan.Game.Rules", "src\Guandan.Game.Rules\Guandan.Game.Rules.csproj", "{6F70C2DF-52E1-4F30-A5CB-E9867BBA646A}"
EndProject
Project("{FAE04EC0-301F-11D3-BF4B-00C04F79EFBC}") = "Guandan.Game.Application", "src\Guandan.Game.Application\Guandan.Game.Application.csproj", "{AACD737A-F5F7-40F8-A842-CFE514AA0DCD}"
EndProject
Project("{FAE04EC0-301F-11D3-BF4B-00C04F79EFBC}") = "Guandan.Game.Web", "src\Guandan.Game.Web\Guandan.Game.Web.csproj", "{17A5CC51-2CD1-489E-AFC9-24945C0B223E}"
EndProject
Project("{FAE04EC0-301F-11D3-BF4B-00C04F79EFBC}") = "Guandan.Game.Domain.Tests", "tests\Guandan.Game.Domain.Tests\Guandan.Game.Domain.Tests.csproj", "{1D00AA52-6AB3-4440-87DF-09E212E0DEB7}"
EndProject
Project("{FAE04EC0-301F-11D3-BF4B-00C04F79EFBC}") = "Guandan.Game.Rules.Tests", "tests\Guandan.Game.Rules.Tests\Guandan.Game.Rules.Tests.csproj", "{ED03AB59-5170-4EEA-B30E-23A5CD0067F8}"
EndProject
Project("{FAE04EC0-301F-11D3-BF4B-00C04F79EFBC}") = "Guandan.Game.Application.Tests", "tests\Guandan.Game.Application.Tests\Guandan.Game.Application.Tests.csproj", "{1D123B2A-0A79-4AC1-92E4-D8DF95880571}"
EndProject
Global
	GlobalSection(SolutionConfigurationPlatforms) = preSolution
		Debug|Any CPU = Debug|Any CPU
		Debug|x64 = Debug|x64
		Debug|x86 = Debug|x86
		Release|Any CPU = Release|Any CPU
		Release|x64 = Release|x64
		Release|x86 = Release|x86
	EndGlobalSection
	GlobalSection(ProjectConfigurationPlatforms) = postSolution
		{CD9F00FA-4AEA-4DC0-A15E-B5318F0ABDBD}.Debug|Any CPU.ActiveCfg = Debug|Any CPU
		{CD9F00FA-4AEA-4DC0-A15E-B5318F0ABDBD}.Debug|Any CPU.Build.0 = Debug|Any CPU
		{CD9F00FA-4AEA-4DC0-A15E-B5318F0ABDBD}.Debug|x64.ActiveCfg = Debug|Any CPU
		{CD9F00FA-4AEA-4DC0-A15E-B5318F0ABDBD}.Debug|x64.Build.0 = Debug|Any CPU
		{CD9F00FA-4AEA-4DC0-A15E-B5318F0ABDBD}.Debug|x86.ActiveCfg = Debug|Any CPU
		{CD9F00FA-4AEA-4DC0-A15E-B5318F0ABDBD}.Debug|x86.Build.0 = Debug|Any CPU
		{CD9F00FA-4AEA-4DC0-A15E-B5318F0ABDBD}.Release|Any CPU.ActiveCfg = Release|Any CPU
		{CD9F00FA-4AEA-4DC0-A15E-B5318F0ABDBD}.Release|Any CPU.Build.0 = Release|Any CPU
		{CD9F00FA-4AEA-4DC0-A15E-B5318F0ABDBD}.Release|x64.ActiveCfg = Release|Any CPU
		{CD9F00FA-4AEA-4DC0-A15E-B5318F0ABDBD}.Release|x64.Build.0 = Release|Any CPU
		{CD9F00FA-4AEA-4DC0-A15E-B5318F0ABDBD}.Release|x86.ActiveCfg = Release|Any CPU
		{CD9F00FA-4AEA-4DC0-A15E-B5318F0ABDBD}.Release|x86.Build.0 = Release|Any CPU
		{6F70C2DF-52E1-4F30-A5CB-E9867BBA646A}.Debug|Any CPU.ActiveCfg = Debug|Any CPU
		{6F70C2DF-52E1-4F30-A5CB-E9867BBA646A}.Debug|Any CPU.Build.0 = Debug|Any CPU
		{6F70C2DF-52E1-4F30-A5CB-E9867BBA646A}.Debug|x64.ActiveCfg = Debug|Any CPU
		{6F70C2DF-52E1-4F30-A5CB-E9867BBA646A}.Debug|x64.Build.0 = Debug|Any CPU
		{6F70C2DF-52E1-4F30-A5CB-E9867BBA646A}.Debug|x86.ActiveCfg = Debug|Any CPU
		{6F70C2DF-52E1-4F30-A5CB-E9867BBA646A}.Debug|x86.Build.0 = Debug|Any CPU
		{6F70C2DF-52E1-4F30-A5CB-E9867BBA646A}.Release|Any CPU.ActiveCfg = Release|Any CPU
		{6F70C2DF-52E1-4F30-A5CB-E9867BBA646A}.Release|Any CPU.Build.0 = Release|Any CPU
		{6F70C2DF-52E1-4F30-A5CB-E9867BBA646A}.Release|x64.ActiveCfg = Release|Any CPU
		{6F70C2DF-52E1-4F30-A5CB-E9867BBA646A}.Release|x64.Build.0 = Release|Any CPU
		{6F70C2DF-52E1-4F30-A5CB-E9867BBA646A}.Release|x86.ActiveCfg = Release|Any CPU
		{6F70C2DF-52E1-4F30-A5CB-E9867BBA646A}.Release|x86.Build.0 = Release|Any CPU
		{AACD737A-F5F7-40F8-A842-CFE514AA0DCD}.Debug|Any CPU.ActiveCfg = Debug|Any CPU
		{AACD737A-F5F7-40F8-A842-CFE514AA0DCD}.Debug|Any CPU.Build.0 = Debug|Any CPU
		{AACD737A-F5F7-40F8-A842-CFE514AA0DCD}.Debug|x64.ActiveCfg = Debug|Any CPU
		{AACD737A-F5F7-40F8-A842-CFE514AA0DCD}.Debug|x64.Build.0 = Debug|Any CPU
		{AACD737A-F5F7-40F8-A842-CFE514AA0DCD}.Debug|x86.ActiveCfg = Debug|Any CPU
		{AACD737A-F5F7-40F8-A842-CFE514AA0DCD}.Debug|x86.Build.0 = Debug|Any CPU
		{AACD737A-F5F7-40F8-A842-CFE514AA0DCD}.Release|Any CPU.ActiveCfg = Release|Any CPU
		{AACD737A-F5F7-40F8-A842-CFE514AA0DCD}.Release|Any CPU.Build.0 = Release|Any CPU
		{AACD737A-F5F7-40F8-A842-CFE514AA0DCD}.Release|x64.ActiveCfg = Release|Any CPU
		{AACD737A-F5F7-40F8-A842-CFE514AA0DCD}.Release|x64.Build.0 = Release|Any CPU
		{AACD737A-F5F7-40F8-A842-CFE514AA0DCD}.Release|x86.ActiveCfg = Release|Any CPU
		{AACD737A-F5F7-40F8-A842-CFE514AA0DCD}.Release|x86.Build.0 = Release|Any CPU
		{17A5CC51-2CD1-489E-AFC9-24945C0B223E}.Debug|Any CPU.ActiveCfg = Debug|Any CPU
		{17A5CC51-2CD1-489E-AFC9-24945C0B223E}.Debug|Any CPU.Build.0 = Debug|Any CPU
		{17A5CC51-2CD1-489E-AFC9-24945C0B223E}.Debug|x64.ActiveCfg = Debug|Any CPU
		{17A5CC51-2CD1-489E-AFC9-24945C0B223E}.Debug|x64.Build.0 = Debug|Any CPU
		{17A5CC51-2CD1-489E-AFC9-24945C0B223E}.Debug|x86.ActiveCfg = Debug|Any CPU
		{17A5CC51-2CD1-489E-AFC9-24945C0B223E}.Debug|x86.Build.0 = Debug|Any CPU
		{17A5CC51-2CD1-489E-AFC9-24945C0B223E}.Release|Any CPU.ActiveCfg = Release|Any CPU
		{17A5CC51-2CD1-489E-AFC9-24945C0B223E}.Release|Any CPU.Build.0 = Release|Any CPU
		{17A5CC51-2CD1-489E-AFC9-24945C0B223E}.Release|x64.ActiveCfg = Release|Any CPU
		{17A5CC51-2CD1-489E-AFC9-24945C0B223E}.Release|x64.Build.0 = Release|Any CPU
		{17A5CC51-2CD1-489E-AFC9-24945C0B223E}.Release|x86.ActiveCfg = Release|Any CPU
		{17A5CC51-2CD1-489E-AFC9-24945C0B223E}.Release|x86.Build.0 = Release|Any CPU
		{1D00AA52-6AB3-4440-87DF-09E212E0DEB7}.Debug|Any CPU.ActiveCfg = Debug|Any CPU
		{1D00AA52-6AB3-4440-87DF-09E212E0DEB7}.Debug|Any CPU.Build.0 = Debug|Any CPU
		{1D00AA52-6AB3-4440-87DF-09E212E0DEB7}.Debug|x64.ActiveCfg = Debug|Any CPU
		{1D00AA52-6AB3-4440-87DF-09E212E0DEB7}.Debug|x64.Build.0 = Debug|Any CPU
		{1D00AA52-6AB3-4440-87DF-09E212E0DEB7}.Debug|x86.ActiveCfg = Debug|Any CPU
		{1D00AA52-6AB3-4440-87DF-09E212E0DEB7}.Debug|x86.Build.0 = Debug|Any CPU
		{1D00AA52-6AB3-4440-87DF-09E212E0DEB7}.Release|Any CPU.ActiveCfg = Release|Any CPU
		{1D00AA52-6AB3-4440-87DF-09E212E0DEB7}.Release|Any CPU.Build.0 = Release|Any CPU
		{1D00AA52-6AB3-4440-87DF-09E212E0DEB7}.Release|x64.ActiveCfg = Release|Any CPU
		{1D00AA52-6AB3-4440-87DF-09E212E0DEB7}.Release|x64.Build.0 = Release|Any CPU
		{1D00AA52-6AB3-4440-87DF-09E212E0DEB7}.Release|x86.ActiveCfg = Release|Any CPU
		{1D00AA52-6AB3-4440-87DF-09E212E0DEB7}.Release|x86.Build.0 = Release|Any CPU
		{ED03AB59-5170-4EEA-B30E-23A5CD0067F8}.Debug|Any CPU.ActiveCfg = Debug|Any CPU
		{ED03AB59-5170-4EEA-B30E-23A5CD0067F8}.Debug|Any CPU.Build.0 = Debug|Any CPU
		{ED03AB59-5170-4EEA-B30E-23A5CD0067F8}.Debug|x64.ActiveCfg = Debug|Any CPU
		{ED03AB59-5170-4EEA-B30E-23A5CD0067F8}.Debug|x64.Build.0 = Debug|Any CPU
		{ED03AB59-5170-4EEA-B30E-23A5CD0067F8}.Debug|x86.ActiveCfg = Debug|Any CPU
		{ED03AB59-5170-4EEA-B30E-23A5CD0067F8}.Debug|x86.Build.0 = Debug|Any CPU
		{ED03AB59-5170-4EEA-B30E-23A5CD0067F8}.Release|Any CPU.ActiveCfg = Release|Any CPU
		{ED03AB59-5170-4EEA-B30E-23A5CD0067F8}.Release|Any CPU.Build.0 = Release|Any CPU
		{ED03AB59-5170-4EEA-B30E-23A5CD0067F8}.Release|x64.ActiveCfg = Release|Any CPU
		{ED03AB59-5170-4EEA-B30E-23A5CD0067F8}.Release|x64.Build.0 = Release|Any CPU
		{ED03AB59-5170-4EEA-B30E-23A5CD0067F8}.Release|x86.ActiveCfg = Release|Any CPU
		{ED03AB59-5170-4EEA-B30E-23A5CD0067F8}.Release|x86.Build.0 = Release|Any CPU
		{1D123B2A-0A79-4AC1-92E4-D8DF95880571}.Debug|Any CPU.ActiveCfg = Debug|Any CPU
		{1D123B2A-0A79-4AC1-92E4-D8DF95880571}.Debug|Any CPU.Build.0 = Debug|Any CPU
		{1D123B2A-0A79-4AC1-92E4-D8DF95880571}.Debug|x64.ActiveCfg = Debug|Any CPU
		{1D123B2A-0A79-4AC1-92E4-D8DF95880571}.Debug|x64.Build.0 = Debug|Any CPU
		{1D123B2A-0A79-4AC1-92E4-D8DF95880571}.Debug|x86.ActiveCfg = Debug|Any CPU
		{1D123B2A-0A79-4AC1-92E4-D8DF95880571}.Debug|x86.Build.0 = Debug|Any CPU
		{1D123B2A-0A79-4AC1-92E4-D8DF95880571}.Release|Any CPU.ActiveCfg = Release|Any CPU
		{1D123B2A-0A79-4AC1-92E4-D8DF95880571}.Release|Any CPU.Build.0 = Release|Any CPU
		{1D123B2A-0A79-4AC1-92E4-D8DF95880571}.Release|x64.ActiveCfg = Release|Any CPU
		{1D123B2A-0A79-4AC1-92E4-D8DF95880571}.Release|x64.Build.0 = Release|Any CPU
		{1D123B2A-0A79-4AC1-92E4-D8DF95880571}.Release|x86.ActiveCfg = Release|Any CPU
		{1D123B2A-0A79-4AC1-92E4-D8DF95880571}.Release|x86.Build.0 = Release|Any CPU
	EndGlobalSection
	GlobalSection(SolutionProperties) = preSolution
		HideSolutionNode = FALSE
	EndGlobalSection
	GlobalSection(NestedProjects) = preSolution
		{CD9F00FA-4AEA-4DC0-A15E-B5318F0ABDBD} = {827E0CD3-B72D-47B6-A68D-7590B98EB39B}
		{6F70C2DF-52E1-4F30-A5CB-E9867BBA646A} = {827E0CD3-B72D-47B6-A68D-7590B98EB39B}
		{AACD737A-F5F7-40F8-A842-CFE514AA0DCD} = {827E0CD3-B72D-47B6-A68D-7590B98EB39B}
		{17A5CC51-2CD1-489E-AFC9-24945C0B223E} = {827E0CD3-B72D-47B6-A68D-7590B98EB39B}
		{1D00AA52-6AB3-4440-87DF-09E212E0DEB7} = {827E0CD3-B72D-47B6-A68D-7590B98EB39B}
		{ED03AB59-5170-4EEA-B30E-23A5CD0067F8} = {827E0CD3-B72D-47B6-A68D-7590B98EB39B}
		{1D123B2A-0A79-4AC1-92E4-D8DF95880571} = {827E0CD3-B72D-47B6-A68D-7590B98EB39B}
	EndGlobalSection
EndGlobal
